
Microsoft Visual Studio Solution File, Format Version 12.00
# Visual Studio Version 16
VisualStudioVersion = 16.0.31515.178
MinimumVisualStudioVersion = 10.0.40219.1
Project("{FAE04EC0-301F-11D3-BF4B-00C04F79EFBC}") = "CST150W2A4", "CST150W2A4\CST150W2A4.csproj", "{7B1DB924-C529-486D-B8FC-B5EE0D632FCA}"
EndProject
Global
	GlobalSection(SolutionConfigurationPlatforms) = preSolution
		Debug|Any CPU = Debug|Any CPU
		Release|Any CPU = Release|Any CPU
	EndGlobalSection
	GlobalSection(ProjectConfigurationPlatforms) = postSolution
		{7B1DB924-C529-486D-B8FC-B5EE0D632FCA}.Debug|Any CPU.ActiveCfg = Debug|Any CPU
		{7B1DB924-C529-486D-B8FC-B5EE0D632FCA}.Debug|Any CPU.Build.0 = Debug|Any CPU
		{7B1DB924-C529-486D-B8FC-B5EE0D632FCA}.Release|Any CPU.ActiveCfg = Release|Any CPU
		{7B1DB924-C529-486D-B8FC-B5EE0D632FCA}.Release|Any CPU.Build.0 = Release|Any CPU
	EndGlobalSection
	GlobalSection(SolutionProperties) = preSolution
		HideSolutionNode = FALSE
	EndGlobalSection
	GlobalSection(ExtensibilityGlobals) = postSolution
		SolutionGuid = {2F294825-1493-4AA4-A347-74E6243CD26E}
	EndGlobalSection
EndGlobal
